
Microsoft Visual Studio Solution File, Format Version 12.00
# Visual Studio Version 16
VisualStudioVersion = 16.0.29728.190
MinimumVisualStudioVersion = 10.0.40219.1
Project("{FAE04EC0-301F-11D3-BF4B-00C04F79EFBC}") = "AppServices.Web", "AppServices.Web\AppServices.Web.csproj", "{D649DB6C-84CA-4D8D-97E8-CFC56F684F35}"
EndProject
Project("{FAE04EC0-301F-11D3-BF4B-00C04F79EFBC}") = "AppServices.Common", "AppServices.Common\AppServices.Common.csproj", "{B868840F-C568-44C1-8428-FCEBAB51713F}"
EndProject
Project("{FAE04EC0-301F-11D3-BF4B-00C04F79EFBC}") = "AppServices.Prism", "AppServices.Prism\AppServices.Prism\AppServices.Prism.csproj", "{7158A977-09B1-4078-8C86-1425786A4B7D}"
EndProject
Project("{FAE04EC0-301F-11D3-BF4B-00C04F79EFBC}") = "AppServices.Prism.Android", "AppServices.Prism\AppServices.Prism.Android\AppServices.Prism.Android.csproj", "{AE009393-CBED-4DC9-935B-E00244C06F78}"
EndProject
Project("{FAE04EC0-301F-11D3-BF4B-00C04F79EFBC}") = "AppServices.Prism.iOS", "AppServices.Prism\AppServices.Prism.iOS\AppServices.Prism.iOS.csproj", "{B6EB113E-BE44-4B87-8E27-2319FEF48677}"
EndProject
Project("{FAE04EC0-301F-11D3-BF4B-00C04F79EFBC}") = "AppServices.Cross.Android", "AppServices.Cross.Android\AppServices.Cross.Android.csproj", "{B502C5DC-494E-4843-A940-D9619AA7F033}"
EndProject
Project("{FAE04EC0-301F-11D3-BF4B-00C04F79EFBC}") = "AppServices.Cross.iOS", "AppServices.Cross.iOS\AppServices.Cross.iOS.csproj", "{C0C26AB0-D7D5-414B-AC60-182DA896AF09}"
EndProject
Global
	GlobalSection(SolutionConfigurationPlatforms) = preSolution
		Ad-Hoc|Any CPU = Ad-Hoc|Any CPU
		Ad-Hoc|iPhone = Ad-Hoc|iPhone
		Ad-Hoc|iPhoneSimulator = Ad-Hoc|iPhoneSimulator
		AppStore|Any CPU = AppStore|Any CPU
		AppStore|iPhone = AppStore|iPhone
		AppStore|iPhoneSimulator = AppStore|iPhoneSimulator
		Debug|Any CPU = Debug|Any CPU
		Debug|iPhone = Debug|iPhone
		Debug|iPhoneSimulator = Debug|iPhoneSimulator
		Release|Any CPU = Release|Any CPU
		Release|iPhone = Release|iPhone
		Release|iPhoneSimulator = Release|iPhoneSimulator
	EndGlobalSection
	GlobalSection(ProjectConfigurationPlatforms) = postSolution
		{D649DB6C-84CA-4D8D-97E8-CFC56F684F35}.Ad-Hoc|Any CPU.ActiveCfg = Debug|Any CPU
		{D649DB6C-84CA-4D8D-97E8-CFC56F684F35}.Ad-Hoc|Any CPU.Build.0 = Debug|Any CPU
		{D649DB6C-84CA-4D8D-97E8-CFC56F684F35}.Ad-Hoc|iPhone.ActiveCfg = Debug|Any CPU
		{D649DB6C-84CA-4D8D-97E8-CFC56F684F35}.Ad-Hoc|iPhone.Build.0 = Debug|Any CPU
		{D649DB6C-84CA-4D8D-97E8-CFC56F684F35}.Ad-Hoc|iPhoneSimulator.ActiveCfg = Debug|Any CPU
		{D649DB6C-84CA-4D8D-97E8-CFC56F684F35}.Ad-Hoc|iPhoneSimulator.Build.0 = Debug|Any CPU
		{D649DB6C-84CA-4D8D-97E8-CFC56F684F35}.AppStore|Any CPU.ActiveCfg = Debug|Any CPU
		{D649DB6C-84CA-4D8D-97E8-CFC56F684F35}.AppStore|Any CPU.Build.0 = Debug|Any CPU
		{D649DB6C-84CA-4D8D-97E8-CFC56F684F35}.AppStore|iPhone.ActiveCfg = Debug|Any CPU
		{D649DB6C-84CA-4D8D-97E8-CFC56F684F35}.AppStore|iPhone.Build.0 = Debug|Any CPU
		{D649DB6C-84CA-4D8D-97E8-CFC56F684F35}.AppStore|iPhoneSimulator.ActiveCfg = Debug|Any CPU
		{D649DB6C-84CA-4D8D-97E8-CFC56F684F35}.AppStore|iPhoneSimulator.Build.0 = Debug|Any CPU
		{D649DB6C-84CA-4D8D-97E8-CFC56F684F35}.Debug|Any CPU.ActiveCfg = Debug|Any CPU
		{D649DB6C-84CA-4D8D-97E8-CFC56F684F35}.Debug|Any CPU.Build.0 = Debug|Any CPU
		{D649DB6C-84CA-4D8D-97E8-CFC56F684F35}.Debug|iPhone.ActiveCfg = Debug|Any CPU
		{D649DB6C-84CA-4D8D-97E8-CFC56F684F35}.Debug|iPhone.Build.0 = Debug|Any CPU
		{D649DB6C-84CA-4D8D-97E8-CFC56F684F35}.Debug|iPhoneSimulator.ActiveCfg = Debug|Any CPU
		{D649DB6C-84CA-4D8D-97E8-CFC56F684F35}.Debug|iPhoneSimulator.Build.0 = Debug|Any CPU
		{D649DB6C-84CA-4D8D-97E8-CFC56F684F35}.Release|Any CPU.ActiveCfg = Release|Any CPU
		{D649DB6C-84CA-4D8D-97E8-CFC56F684F35}.Release|Any CPU.Build.0 = Release|Any CPU
		{D649DB6C-84CA-4D8D-97E8-CFC56F684F35}.Release|iPhone.ActiveCfg = Release|Any CPU
		{D649DB6C-84CA-4D8D-97E8-CFC56F684F35}.Release|iPhone.Build.0 = Release|Any CPU
		{D649DB6C-84CA-4D8D-97E8-CFC56F684F35}.Release|iPhoneSimulator.ActiveCfg = Release|Any CPU
		{D649DB6C-84CA-4D8D-97E8-CFC56F684F35}.Release|iPhoneSimulator.Build.0 = Release|Any CPU
		{B868840F-C568-44C1-8428-FCEBAB51713F}.Ad-Hoc|Any CPU.ActiveCfg = Debug|Any CPU
		{B868840F-C568-44C1-8428-FCEBAB51713F}.Ad-Hoc|Any CPU.Build.0 = Debug|Any CPU
		{B868840F-C568-44C1-8428-FCEBAB51713F}.Ad-Hoc|iPhone.ActiveCfg = Debug|Any CPU
		{B868840F-C568-44C1-8428-FCEBAB51713F}.Ad-Hoc|iPhone.Build.0 = Debug|Any CPU
		{B868840F-C568-44C1-8428-FCEBAB51713F}.Ad-Hoc|iPhoneSimulator.ActiveCfg = Debug|Any CPU
		{B868840F-C568-44C1-8428-FCEBAB51713F}.Ad-Hoc|iPhoneSimulator.Build.0 = Debug|Any CPU
		{B868840F-C568-44C1-8428-FCEBAB51713F}.AppStore|Any CPU.ActiveCfg = Debug|Any CPU
		{B868840F-C568-44C1-8428-FCEBAB51713F}.AppStore|Any CPU.Build.0 = Debug|Any CPU
		{B868840F-C568-44C1-8428-FCEBAB51713F}.AppStore|iPhone.ActiveCfg = Debug|Any CPU
		{B868840F-C568-44C1-8428-FCEBAB51713F}.AppStore|iPhone.Build.0 = Debug|Any CPU
		{B868840F-C568-44C1-8428-FCEBAB51713F}.AppStore|iPhoneSimulator.ActiveCfg = Debug|Any CPU
		{B868840F-C568-44C1-8428-FCEBAB51713F}.AppStore|iPhoneSimulator.Build.0 = Debug|Any CPU
		{B868840F-C568-44C1-8428-FCEBAB51713F}.Debug|Any CPU.ActiveCfg = Debug|Any CPU
		{B868840F-C568-44C1-8428-FCEBAB51713F}.Debug|Any CPU.Build.0 = Debug|Any CPU
		{B868840F-C568-44C1-8428-FCEBAB51713F}.Debug|iPhone.ActiveCfg = Debug|Any CPU
		{B868840F-C568-44C1-8428-FCEBAB51713F}.Debug|iPhone.Build.0 = Debug|Any CPU
		{B868840F-C568-44C1-8428-FCEBAB51713F}.Debug|iPhoneSimulator.ActiveCfg = Debug|Any CPU
		{B868840F-C568-44C1-8428-FCEBAB51713F}.Debug|iPhoneSimulator.Build.0 = Debug|Any CPU
		{B868840F-C568-44C1-8428-FCEBAB51713F}.Release|Any CPU.ActiveCfg = Release|Any CPU
		{B868840F-C568-44C1-8428-FCEBAB51713F}.Release|Any CPU.Build.0 = Release|Any CPU
		{B868840F-C568-44C1-8428-FCEBAB51713F}.Release|iPhone.ActiveCfg = Release|Any CPU
		{B868840F-C568-44C1-8428-FCEBAB51713F}.Release|iPhone.Build.0 = Release|Any CPU
		{B868840F-C568-44C1-8428-FCEBAB51713F}.Release|iPhoneSimulator.ActiveCfg = Release|Any CPU
		{B868840F-C568-44C1-8428-FCEBAB51713F}.Release|iPhoneSimulator.Build.0 = Release|Any CPU
		{7158A977-09B1-4078-8C86-1425786A4B7D}.Ad-Hoc|Any CPU.ActiveCfg = Debug|Any CPU
		{7158A977-09B1-4078-8C86-1425786A4B7D}.Ad-Hoc|Any CPU.Build.0 = Debug|Any CPU
		{7158A977-09B1-4078-8C86-1425786A4B7D}.Ad-Hoc|iPhone.ActiveCfg = Debug|Any CPU
		{7158A977-09B1-4078-8C86-1425786A4B7D}.Ad-Hoc|iPhone.Build.0 = Debug|Any CPU
		{7158A977-09B1-4078-8C86-1425786A4B7D}.Ad-Hoc|iPhoneSimulator.ActiveCfg = Debug|Any CPU
		{7158A977-09B1-4078-8C86-1425786A4B7D}.Ad-Hoc|iPhoneSimulator.Build.0 = Debug|Any CPU
		{7158A977-09B1-4078-8C86-1425786A4B7D}.AppStore|Any CPU.ActiveCfg = Debug|Any CPU
		{7158A977-09B1-4078-8C86-1425786A4B7D}.AppStore|Any CPU.Build.0 = Debug|Any CPU
		{7158A977-09B1-4078-8C86-1425786A4B7D}.AppStore|iPhone.ActiveCfg = Debug|Any CPU
		{7158A977-09B1-4078-8C86-1425786A4B7D}.AppStore|iPhone.Build.0 = Debug|Any CPU
		{7158A977-09B1-4078-8C86-1425786A4B7D}.AppStore|iPhoneSimulator.ActiveCfg = Debug|Any CPU
		{7158A977-09B1-4078-8C86-1425786A4B7D}.AppStore|iPhoneSimulator.Build.0 = Debug|Any CPU
		{7158A977-09B1-4078-8C86-1425786A4B7D}.Debug|Any CPU.ActiveCfg = Debug|Any CPU
		{7158A977-09B1-4078-8C86-1425786A4B7D}.Debug|Any CPU.Build.0 = Debug|Any CPU
		{7158A977-09B1-4078-8C86-1425786A4B7D}.Debug|iPhone.ActiveCfg = Debug|Any CPU
		{7158A977-09B1-4078-8C86-1425786A4B7D}.Debug|iPhone.Build.0 = Debug|Any CPU
		{7158A977-09B1-4078-8C86-1425786A4B7D}.Debug|iPhoneSimulator.ActiveCfg = Debug|Any CPU
		{7158A977-09B1-4078-8C86-1425786A4B7D}.Debug|iPhoneSimulator.Build.0 = Debug|Any CPU
		{7158A977-09B1-4078-8C86-1425786A4B7D}.Release|Any CPU.ActiveCfg = Release|Any CPU
		{7158A977-09B1-4078-8C86-1425786A4B7D}.Release|Any CPU.Build.0 = Release|Any CPU
		{7158A977-09B1-4078-8C86-1425786A4B7D}.Release|iPhone.ActiveCfg = Release|Any CPU
		{7158A977-09B1-4078-8C86-1425786A4B7D}.Release|iPhone.Build.0 = Release|Any CPU
		{7158A977-09B1-4078-8C86-1425786A4B7D}.Release|iPhoneSimulator.ActiveCfg = Release|Any CPU
		{7158A977-09B1-4078-8C86-1425786A4B7D}.Release|iPhoneSimulator.Build.0 = Release|Any CPU
		{AE009393-CBED-4DC9-935B-E00244C06F78}.Ad-Hoc|Any CPU.ActiveCfg = Release|Any CPU
		{AE009393-CBED-4DC9-935B-E00244C06F78}.Ad-Hoc|Any CPU.Build.0 = Release|Any CPU
		{AE009393-CBED-4DC9-935B-E00244C06F78}.Ad-Hoc|Any CPU.Deploy.0 = Release|Any CPU
		{AE009393-CBED-4DC9-935B-E00244C06F78}.Ad-Hoc|iPhone.ActiveCfg = Release|Any CPU
		{AE009393-CBED-4DC9-935B-E00244C06F78}.Ad-Hoc|iPhone.Build.0 = Release|Any CPU
		{AE009393-CBED-4DC9-935B-E00244C06F78}.Ad-Hoc|iPhone.Deploy.0 = Release|Any CPU
		{AE009393-CBED-4DC9-935B-E00244C06F78}.Ad-Hoc|iPhoneSimulator.ActiveCfg = Release|Any CPU
		{AE009393-CBED-4DC9-935B-E00244C06F78}.Ad-Hoc|iPhoneSimulator.Build.0 = Release|Any CPU
		{AE009393-CBED-4DC9-935B-E00244C06F78}.Ad-Hoc|iPhoneSimulator.Deploy.0 = Release|Any CPU
		{AE009393-CBED-4DC9-935B-E00244C06F78}.AppStore|Any CPU.ActiveCfg = Release|Any CPU
		{AE009393-CBED-4DC9-935B-E00244C06F78}.AppStore|Any CPU.Build.0 = Release|Any CPU
		{AE009393-CBED-4DC9-935B-E00244C06F78}.AppStore|Any CPU.Deploy.0 = Release|Any CPU
		{AE009393-CBED-4DC9-935B-E00244C06F78}.AppStore|iPhone.ActiveCfg = Release|Any CPU
		{AE009393-CBED-4DC9-935B-E00244C06F78}.AppStore|iPhone.Build.0 = Release|Any CPU
		{AE009393-CBED-4DC9-935B-E00244C06F78}.AppStore|iPhone.Deploy.0 = Release|Any CPU
		{AE009393-CBED-4DC9-935B-E00244C06F78}.AppStore|iPhoneSimulator.ActiveCfg = Release|Any CPU
		{AE009393-CBED-4DC9-935B-E00244C06F78}.AppStore|iPhoneSimulator.Build.0 = Release|Any CPU
		{AE009393-CBED-4DC9-935B-E00244C06F78}.AppStore|iPhoneSimulator.Deploy.0 = Release|Any CPU
		{AE009393-CBED-4DC9-935B-E00244C06F78}.Debug|Any CPU.ActiveCfg = Debug|Any CPU
		{AE009393-CBED-4DC9-935B-E00244C06F78}.Debug|Any CPU.Build.0 = Debug|Any CPU
		{AE009393-CBED-4DC9-935B-E00244C06F78}.Debug|Any CPU.Deploy.0 = Debug|Any CPU
		{AE009393-CBED-4DC9-935B-E00244C06F78}.Debug|iPhone.ActiveCfg = Debug|Any CPU
		{AE009393-CBED-4DC9-935B-E00244C06F78}.Debug|iPhone.Build.0 = Debug|Any CPU
		{AE009393-CBED-4DC9-935B-E00244C06F78}.Debug|iPhone.Deploy.0 = Debug|Any CPU
		{AE009393-CBED-4DC9-935B-E00244C06F78}.Debug|iPhoneSimulator.ActiveCfg = Debug|Any CPU
		{AE009393-CBED-4DC9-935B-E00244C06F78}.Debug|iPhoneSimulator.Build.0 = Debug|Any CPU
		{AE009393-CBED-4DC9-935B-E00244C06F78}.Debug|iPhoneSimulator.Deploy.0 = Debug|Any CPU
		{AE009393-CBED-4DC9-935B-E00244C06F78}.Release|Any CPU.ActiveCfg = Release|Any CPU
		{AE009393-CBED-4DC9-935B-E00244C06F78}.Release|Any CPU.Build.0 = Release|Any CPU
		{AE009393-CBED-4DC9-935B-E00244C06F78}.Release|Any CPU.Deploy.0 = Release|Any CPU
		{AE009393-CBED-4DC9-935B-E00244C06F78}.Release|iPhone.ActiveCfg = Release|Any CPU
		{AE009393-CBED-4DC9-935B-E00244C06F78}.Release|iPhone.Build.0 = Release|Any CPU
		{AE009393-CBED-4DC9-935B-E00244C06F78}.Release|iPhone.Deploy.0 = Release|Any CPU
		{AE009393-CBED-4DC9-935B-E00244C06F78}.Release|iPhoneSimulator.ActiveCfg = Release|Any CPU
		{AE009393-CBED-4DC9-935B-E00244C06F78}.Release|iPhoneSimulator.Build.0 = Release|Any CPU
		{AE009393-CBED-4DC9-935B-E00244C06F78}.Release|iPhoneSimulator.Deploy.0 = Release|Any CPU
		{B6EB113E-BE44-4B87-8E27-2319FEF48677}.Ad-Hoc|Any CPU.ActiveCfg = Ad-Hoc|iPhone
		{B6EB113E-BE44-4B87-8E27-2319FEF48677}.Ad-Hoc|iPhone.ActiveCfg = Ad-Hoc|iPhone
		{B6EB113E-BE44-4B87-8E27-2319FEF48677}.Ad-Hoc|iPhone.Build.0 = Ad-Hoc|iPhone
		{B6EB113E-BE44-4B87-8E27-2319FEF48677}.Ad-Hoc|iPhoneSimulator.ActiveCfg = Ad-Hoc|iPhoneSimulator
		{B6EB113E-BE44-4B87-8E27-2319FEF48677}.Ad-Hoc|iPhoneSimulator.Build.0 = Ad-Hoc|iPhoneSimulator
		{B6EB113E-BE44-4B87-8E27-2319FEF48677}.AppStore|Any CPU.ActiveCfg = AppStore|iPhone
		{B6EB113E-BE44-4B87-8E27-2319FEF48677}.AppStore|iPhone.ActiveCfg = AppStore|iPhone
		{B6EB113E-BE44-4B87-8E27-2319FEF48677}.AppStore|iPhone.Build.0 = AppStore|iPhone
		{B6EB113E-BE44-4B87-8E27-2319FEF48677}.AppStore|iPhoneSimulator.ActiveCfg = AppStore|iPhoneSimulator
		{B6EB113E-BE44-4B87-8E27-2319FEF48677}.AppStore|iPhoneSimulator.Build.0 = AppStore|iPhoneSimulator
		{B6EB113E-BE44-4B87-8E27-2319FEF48677}.Debug|Any CPU.ActiveCfg = Debug|iPhone
		{B6EB113E-BE44-4B87-8E27-2319FEF48677}.Debug|iPhone.ActiveCfg = Debug|iPhone
		{B6EB113E-BE44-4B87-8E27-2319FEF48677}.Debug|iPhone.Build.0 = Debug|iPhone
		{B6EB113E-BE44-4B87-8E27-2319FEF48677}.Debug|iPhoneSimulator.ActiveCfg = Debug|iPhoneSimulator
		{B6EB113E-BE44-4B87-8E27-2319FEF48677}.Debug|iPhoneSimulator.Build.0 = Debug|iPhoneSimulator
		{B6EB113E-BE44-4B87-8E27-2319FEF48677}.Release|Any CPU.ActiveCfg = Release|iPhone
		{B6EB113E-BE44-4B87-8E27-2319FEF48677}.Release|iPhone.ActiveCfg = Release|iPhone
		{B6EB113E-BE44-4B87-8E27-2319FEF48677}.Release|iPhone.Build.0 = Release|iPhone
		{B6EB113E-BE44-4B87-8E27-2319FEF48677}.Release|iPhoneSimulator.ActiveCfg = Release|iPhoneSimulator
		{B6EB113E-BE44-4B87-8E27-2319FEF48677}.Release|iPhoneSimulator.Build.0 = Release|iPhoneSimulator
		{B502C5DC-494E-4843-A940-D9619AA7F033}.Ad-Hoc|Any CPU.ActiveCfg = Release|Any CPU
		{B502C5DC-494E-4843-A940-D9619AA7F033}.Ad-Hoc|Any CPU.Build.0 = Release|Any CPU
		{B502C5DC-494E-4843-A940-D9619AA7F033}.Ad-Hoc|Any CPU.Deploy.0 = Release|Any CPU
		{B502C5DC-494E-4843-A940-D9619AA7F033}.Ad-Hoc|iPhone.ActiveCfg = Release|Any CPU
		{B502C5DC-494E-4843-A940-D9619AA7F033}.Ad-Hoc|iPhone.Build.0 = Release|Any CPU
		{B502C5DC-494E-4843-A940-D9619AA7F033}.Ad-Hoc|iPhone.Deploy.0 = Release|Any CPU
		{B502C5DC-494E-4843-A940-D9619AA7F033}.Ad-Hoc|iPhoneSimulator.ActiveCfg = Release|Any CPU
		{B502C5DC-494E-4843-A940-D9619AA7F033}.Ad-Hoc|iPhoneSimulator.Build.0 = Release|Any CPU
		{B502C5DC-494E-4843-A940-D9619AA7F033}.Ad-Hoc|iPhoneSimulator.Deploy.0 = Release|Any CPU
		{B502C5DC-494E-4843-A940-D9619AA7F033}.AppStore|Any CPU.ActiveCfg = Release|Any CPU
		{B502C5DC-494E-4843-A940-D9619AA7F033}.AppStore|Any CPU.Build.0 = Release|Any CPU
		{B502C5DC-494E-4843-A940-D9619AA7F033}.AppStore|Any CPU.Deploy.0 = Release|Any CPU
		{B502C5DC-494E-4843-A940-D9619AA7F033}.AppStore|iPhone.ActiveCfg = Release|Any CPU
		{B502C5DC-494E-4843-A940-D9619AA7F033}.AppStore|iPhone.Build.0 = Release|Any CPU
		{B502C5DC-494E-4843-A940-D9619AA7F033}.AppStore|iPhone.Deploy.0 = Release|Any CPU
		{B502C5DC-494E-4843-A940-D9619AA7F033}.AppStore|iPhoneSimulator.ActiveCfg = Release|Any CPU
		{B502C5DC-494E-4843-A940-D9619AA7F033}.AppStore|iPhoneSimulator.Build.0 = Release|Any CPU
		{B502C5DC-494E-4843-A940-D9619AA7F033}.AppStore|iPhoneSimulator.Deploy.0 = Release|Any CPU
		{B502C5DC-494E-4843-A940-D9619AA7F033}.Debug|Any CPU.ActiveCfg = Debug|Any CPU
		{B502C5DC-494E-4843-A940-D9619AA7F033}.Debug|Any CPU.Build.0 = Debug|Any CPU
		{B502C5DC-494E-4843-A940-D9619AA7F033}.Debug|Any CPU.Deploy.0 = Debug|Any CPU
		{B502C5DC-494E-4843-A940-D9619AA7F033}.Debug|iPhone.ActiveCfg = Debug|Any CPU
		{B502C5DC-494E-4843-A940-D9619AA7F033}.Debug|iPhone.Build.0 = Debug|Any CPU
		{B502C5DC-494E-4843-A940-D9619AA7F033}.Debug|iPhone.Deploy.0 = Debug|Any CPU
		{B502C5DC-494E-4843-A940-D9619AA7F033}.Debug|iPhoneSimulator.ActiveCfg = Debug|Any CPU
		{B502C5DC-494E-4843-A940-D9619AA7F033}.Debug|iPhoneSimulator.Build.0 = Debug|Any CPU
		{B502C5DC-494E-4843-A940-D9619AA7F033}.Debug|iPhoneSimulator.Deploy.0 = Debug|Any CPU
		{B502C5DC-494E-4843-A940-D9619AA7F033}.Release|Any CPU.ActiveCfg = Release|Any CPU
		{B502C5DC-494E-4843-A940-D9619AA7F033}.Release|Any CPU.Build.0 = Release|Any CPU
		{B502C5DC-494E-4843-A940-D9619AA7F033}.Release|Any CPU.Deploy.0 = Release|Any CPU
		{B502C5DC-494E-4843-A940-D9619AA7F033}.Release|iPhone.ActiveCfg = Release|Any CPU
		{B502C5DC-494E-4843-A940-D9619AA7F033}.Release|iPhone.Build.0 = Release|Any CPU
		{B502C5DC-494E-4843-A940-D9619AA7F033}.Release|iPhone.Deploy.0 = Release|Any CPU
		{B502C5DC-494E-4843-A940-D9619AA7F033}.Release|iPhoneSimulator.ActiveCfg = Release|Any CPU
		{B502C5DC-494E-4843-A940-D9619AA7F033}.Release|iPhoneSimulator.Build.0 = Release|Any CPU
		{B502C5DC-494E-4843-A940-D9619AA7F033}.Release|iPhoneSimulator.Deploy.0 = Release|Any CPU
		{C0C26AB0-D7D5-414B-AC60-182DA896AF09}.Ad-Hoc|Any CPU.ActiveCfg = Release|iPhone
		{C0C26AB0-D7D5-414B-AC60-182DA896AF09}.Ad-Hoc|Any CPU.Build.0 = Release|iPhone
		{C0C26AB0-D7D5-414B-AC60-182DA896AF09}.Ad-Hoc|iPhone.ActiveCfg = Release|iPhone
		{C0C26AB0-D7D5-414B-AC60-182DA896AF09}.Ad-Hoc|iPhone.Build.0 = Release|iPhone
		{C0C26AB0-D7D5-414B-AC60-182DA896AF09}.Ad-Hoc|iPhoneSimulator.ActiveCfg = Release|iPhoneSimulator
		{C0C26AB0-D7D5-414B-AC60-182DA896AF09}.Ad-Hoc|iPhoneSimulator.Build.0 = Release|iPhoneSimulator
		{C0C26AB0-D7D5-414B-AC60-182DA896AF09}.AppStore|Any CPU.ActiveCfg = Release|iPhone
		{C0C26AB0-D7D5-414B-AC60-182DA896AF09}.AppStore|Any CPU.Build.0 = Release|iPhone
		{C0C26AB0-D7D5-414B-AC60-182DA896AF09}.AppStore|iPhone.ActiveCfg = Release|iPhone
		{C0C26AB0-D7D5-414B-AC60-182DA896AF09}.AppStore|iPhone.Build.0 = Release|iPhone
		{C0C26AB0-D7D5-414B-AC60-182DA896AF09}.AppStore|iPhoneSimulator.ActiveCfg = Release|iPhoneSimulator
		{C0C26AB0-D7D5-414B-AC60-182DA896AF09}.AppStore|iPhoneSimulator.Build.0 = Release|iPhoneSimulator
		{C0C26AB0-D7D5-414B-AC60-182DA896AF09}.Debug|Any CPU.ActiveCfg = Debug|iPhone
		{C0C26AB0-D7D5-414B-AC60-182DA896AF09}.Debug|iPhone.ActiveCfg = Debug|iPhone
		{C0C26AB0-D7D5-414B-AC60-182DA896AF09}.Debug|iPhone.Build.0 = Debug|iPhone
		{C0C26AB0-D7D5-414B-AC60-182DA896AF09}.Debug|iPhoneSimulator.ActiveCfg = Debug|iPhoneSimulator
		{C0C26AB0-D7D5-414B-AC60-182DA896AF09}.Debug|iPhoneSimulator.Build.0 = Debug|iPhoneSimulator
		{C0C26AB0-D7D5-414B-AC60-182DA896AF09}.Release|Any CPU.ActiveCfg = Release|iPhone
		{C0C26AB0-D7D5-414B-AC60-182DA896AF09}.Release|iPhone.ActiveCfg = Release|iPhone
		{C0C26AB0-D7D5-414B-AC60-182DA896AF09}.Release|iPhone.Build.0 = Release|iPhone
		{C0C26AB0-D7D5-414B-AC60-182DA896AF09}.Release|iPhoneSimulator.ActiveCfg = Release|iPhoneSimulator
		{C0C26AB0-D7D5-414B-AC60-182DA896AF09}.Release|iPhoneSimulator.Build.0 = Release|iPhoneSimulator
	EndGlobalSection
	GlobalSection(SolutionProperties) = preSolution
		HideSolutionNode = FALSE
	EndGlobalSection
	GlobalSection(ExtensibilityGlobals) = postSolution
		SolutionGuid = {0C6031D7-A283-45CE-8BA9-D5DC0CB7C466}
	EndGlobalSection
EndGlobal
